
Microsoft Visual Studio Solution File, Format Version 12.00
# Visual Studio Version 17
VisualStudioVersion = 17.6.33829.357
MinimumVisualStudioVersion = 10.0.40219.1
Project("{FAE04EC0-301F-11D3-BF4B-00C04F79EFBC}") = "CreditCardWeb", "CreditCardWeb.csproj", "{A56F5F25-0EB5-4C9E-9686-9BA01CF27AD7}"
EndProject
Global
	GlobalSection(SolutionConfigurationPlatforms) = preSolution
		Debug|Any CPU = Debug|Any CPU
		Release|Any CPU = Release|Any CPU
	EndGlobalSection
	GlobalSection(ProjectConfigurationPlatforms) = postSolution
		{A56F5F25-0EB5-4C9E-9686-9BA01CF27AD7}.Debug|Any CPU.ActiveCfg = Debug|Any CPU
		{A56F5F25-0EB5-4C9E-9686-9BA01CF27AD7}.Debug|Any CPU.Build.0 = Debug|Any CPU
		{A56F5F25-0EB5-4C9E-9686-9BA01CF27AD7}.Release|Any CPU.ActiveCfg = Release|Any CPU
		{A56F5F25-0EB5-4C9E-9686-9BA01CF27AD7}.Release|Any CPU.Build.0 = Release|Any CPU
	EndGlobalSection
	GlobalSection(SolutionProperties) = preSolution
		HideSolutionNode = FALSE
	EndGlobalSection
	GlobalSection(ExtensibilityGlobals) = postSolution
		SolutionGuid = {85CA828B-928B-4181-942B-B88C147823AB}
	EndGlobalSection
EndGlobal
